
Microsoft Visual Studio Solution File, Format Version 12.00
# Visual Studio 14
VisualStudioVersion = 14.0.24720.0
MinimumVisualStudioVersion = 10.0.40219.1
Project("{FAE04EC0-301F-11D3-BF4B-00C04F79EFBC}") = "Trip.JinJiang.H5Web", "Trip.JinJiang.H5Web\Trip.JinJiang.H5Web.csproj", "{66F028A1-64DC-4BC2-A242-8B9E47EDCD97}"
EndProject
Project("{FAE04EC0-301F-11D3-BF4B-00C04F79EFBC}") = "Trip.JinJiang.H5", "Trip.JinJiang.H5\Trip.JinJiang.H5.csproj", "{67A7D53B-E5B2-4F83-B76F-D446BAFD060E}"
EndProject
Project("{FAE04EC0-301F-11D3-BF4B-00C04F79EFBC}") = "LW.Common", "LW.Common\LW.Common.csproj", "{0988C62E-247F-471F-A183-DB509C7A3839}"
EndProject
Project("{FAE04EC0-301F-11D3-BF4B-00C04F79EFBC}") = "LW", "LW\LW.csproj", "{B1157522-412F-4401-B62E-3683A679CFA1}"
EndProject
Global
	GlobalSection(SolutionConfigurationPlatforms) = preSolution
		Debug|Any CPU = Debug|Any CPU
		Release|Any CPU = Release|Any CPU
	EndGlobalSection
	GlobalSection(ProjectConfigurationPlatforms) = postSolution
		{66F028A1-64DC-4BC2-A242-8B9E47EDCD97}.Debug|Any CPU.ActiveCfg = Debug|Any CPU
		{66F028A1-64DC-4BC2-A242-8B9E47EDCD97}.Debug|Any CPU.Build.0 = Debug|Any CPU
		{66F028A1-64DC-4BC2-A242-8B9E47EDCD97}.Release|Any CPU.ActiveCfg = Release|Any CPU
		{66F028A1-64DC-4BC2-A242-8B9E47EDCD97}.Release|Any CPU.Build.0 = Release|Any CPU
		{67A7D53B-E5B2-4F83-B76F-D446BAFD060E}.Debug|Any CPU.ActiveCfg = Debug|Any CPU
		{67A7D53B-E5B2-4F83-B76F-D446BAFD060E}.Debug|Any CPU.Build.0 = Debug|Any CPU
		{67A7D53B-E5B2-4F83-B76F-D446BAFD060E}.Release|Any CPU.ActiveCfg = Release|Any CPU
		{67A7D53B-E5B2-4F83-B76F-D446BAFD060E}.Release|Any CPU.Build.0 = Release|Any CPU
		{0988C62E-247F-471F-A183-DB509C7A3839}.Debug|Any CPU.ActiveCfg = Debug|Any CPU
		{0988C62E-247F-471F-A183-DB509C7A3839}.Debug|Any CPU.Build.0 = Debug|Any CPU
		{0988C62E-247F-471F-A183-DB509C7A3839}.Release|Any CPU.ActiveCfg = Release|Any CPU
		{0988C62E-247F-471F-A183-DB509C7A3839}.Release|Any CPU.Build.0 = Release|Any CPU
		{B1157522-412F-4401-B62E-3683A679CFA1}.Debug|Any CPU.ActiveCfg = Debug|Any CPU
		{B1157522-412F-4401-B62E-3683A679CFA1}.Debug|Any CPU.Build.0 = Debug|Any CPU
		{B1157522-412F-4401-B62E-3683A679CFA1}.Release|Any CPU.ActiveCfg = Release|Any CPU
		{B1157522-412F-4401-B62E-3683A679CFA1}.Release|Any CPU.Build.0 = Release|Any CPU
	EndGlobalSection
	GlobalSection(SolutionProperties) = preSolution
		HideSolutionNode = FALSE
	EndGlobalSection
EndGlobal
